{
  "nodes": {
    "flake-compat": {
      "flake": false,
      "locked": {
        "lastModified": 1673956053,
        "narHash": "sha256-4gtG9iQuiKITOjNQQeQIpoIB6b16fm+504Ch3sNKLd8=",
        "owner": "edolstra",
        "repo": "flake-compat",
        "rev": "35bb57c0c8d8b62bbfd284272c928ceb64ddbde9",
        "type": "github"
      },
      "original": {
        "owner": "edolstra",
        "repo": "flake-compat",
        "type": "github"
      }
    },
    "flake-utils": {
      "inputs": {
        "systems": "systems"
      },
      "locked": {
        "lastModified": 1694529238,
        "narHash": "sha256-zsNZZGTGnMOf9YpHKJqMSsa0dXbfmxeoJ7xHlrt+xmY=",
        "owner": "numtide",
        "repo": "flake-utils",
        "rev": "ff7b65b44d01cf9ba6a71320833626af21126384",
        "type": "github"
      },
      "original": {
        "owner": "numtide",
        "repo": "flake-utils",
        "type": "github"
      }
    },
    "haskell-python-tools": {
      "inputs": {
        "nixpkgs": [
          "ising-glass-annealer",
          "nixpkgs"
        ]
      },
      "locked": {
        "lastModified": 1695306564,
        "narHash": "sha256-C/GbXuGhcWnk8yzWlrLQ0YyAbE5WUYEWiUS2W/a+API=",
        "owner": "twesterhout",
        "repo": "haskell-python-tools.nix",
        "rev": "5a3ec39fb4f3d76d2df5ba48f7351300134ad660",
        "type": "github"
      },
      "original": {
        "owner": "twesterhout",
        "repo": "haskell-python-tools.nix",
        "type": "github"
      }
    },
    "haskell-python-tools_2": {
      "inputs": {
        "nixpkgs": [
          "lattice-symmetries",
          "nixpkgs"
        ]
      },
      "locked": {
        "lastModified": 1695306564,
        "narHash": "sha256-C/GbXuGhcWnk8yzWlrLQ0YyAbE5WUYEWiUS2W/a+API=",
        "owner": "twesterhout",
        "repo": "haskell-python-tools.nix",
        "rev": "5a3ec39fb4f3d76d2df5ba48f7351300134ad660",
        "type": "github"
      },
      "original": {
        "owner": "twesterhout",
        "repo": "haskell-python-tools.nix",
        "type": "github"
      }
    },
    "ising-glass-annealer": {
      "inputs": {
        "flake-utils": [
          "lattice-symmetries",
          "flake-utils"
        ],
        "haskell-python-tools": "haskell-python-tools",
        "nixpkgs": [
          "lattice-symmetries",
          "nixpkgs"
        ]
      },
      "locked": {
        "lastModified": 1695306602,
        "narHash": "sha256-q2J54omoD/E2ZvxNllWsFNHuS7QpfSYv8ED+fzNrtGA=",
        "owner": "twesterhout",
        "repo": "ising-glass-annealer",
        "rev": "c193fe1a1f8f1bd5775becf3a0e6c034064d89e7",
        "type": "github"
      },
      "original": {
        "owner": "twesterhout",
        "repo": "ising-glass-annealer",
        "type": "github"
      }
    },
    "lattice-symmetries": {
      "inputs": {
        "flake-utils": "flake-utils",
        "haskell-python-tools": "haskell-python-tools_2",
        "nix-chapel": "nix-chapel",
        "nixpkgs": "nixpkgs"
      },
      "locked": {
        "lastModified": 1695307709,
        "narHash": "sha256-pZZOCJYNmwdl1r7sbzwp+WU7v47gO7IUvVr8jcLX9wI=",
        "owner": "twesterhout",
        "repo": "lattice-symmetries",
        "rev": "7953a10116508b6580be921f61f9e2645b42c30c",
        "type": "github"
      },
      "original": {
        "owner": "twesterhout",
        "ref": "nikita",
        "repo": "lattice-symmetries",
        "type": "github"
      }
    },
    "nix-chapel": {
      "inputs": {
        "flake-utils": [
          "lattice-symmetries",
          "flake-utils"
        ],
        "nixpkgs": [
          "lattice-symmetries",
          "nixpkgs"
        ]
      },
      "locked": {
        "lastModified": 1694430354,
        "narHash": "sha256-LBsmXbSjprjYSgiFW/OrgVgRY2AfYRpx3HUxsoViIaE=",
        "owner": "twesterhout",
        "repo": "nix-chapel",
        "rev": "a63f440540bdc6caeccd264d1d1550fadc0100fd",
        "type": "github"
      },
      "original": {
        "owner": "twesterhout",
        "repo": "nix-chapel",
        "type": "github"
      }
    },
    "nixpkgs": {
      "locked": {
        "lastModified": 1695145219,
        "narHash": "sha256-Eoe9IHbvmo5wEDeJXKFOpKUwxYJIOxKUesounVccNYk=",
        "owner": "nixos",
        "repo": "nixpkgs",
        "rev": "5ba549eafcf3e33405e5f66decd1a72356632b96",
        "type": "github"
      },
      "original": {
        "owner": "nixos",
        "ref": "nixos-unstable",
        "repo": "nixpkgs",
        "type": "github"
      }
    },
    "root": {
      "inputs": {
        "flake-compat": "flake-compat",
        "flake-utils": [
          "lattice-symmetries",
          "flake-utils"
        ],
        "ising-glass-annealer": "ising-glass-annealer",
        "lattice-symmetries": "lattice-symmetries",
        "nixpkgs": [
          "lattice-symmetries",
          "nixpkgs"
        ]
      }
    },
    "systems": {
      "locked": {
        "lastModified": 1681028828,
        "narHash": "sha256-Vy1rq5AaRuLzOxct8nz4T6wlgyUR7zLU309k9mBC768=",
        "owner": "nix-systems",
        "repo": "default",
        "rev": "da67096a3b9bf56a91d16901293e51ba5b49a27e",
        "type": "github"
      },
      "original": {
        "owner": "nix-systems",
        "repo": "default",
        "type": "github"
      }
    }
  },
  "root": "root",
  "version": 7
}
