{
  "nodes": {
    "arrayfire-haskell": {
      "inputs": {
        "flake-utils": [
          "lattice-symmetries",
          "halide-haskell",
          "flake-utils"
        ],
        "nix-filter": "nix-filter",
        "nixpkgs": [
          "lattice-symmetries",
          "halide-haskell",
          "nixpkgs"
        ]
      },
      "locked": {
        "lastModified": 1704284732,
        "narHash": "sha256-editEH1WQNsOqmGL1Vxbn6I62ZFjPpRcGTNTwdTLKvk=",
        "owner": "twesterhout",
        "repo": "arrayfire-haskell",
        "rev": "79b2519486f409dc14e60b44dc360b430756d9c5",
        "type": "github"
      },
      "original": {
        "owner": "twesterhout",
        "ref": "withDevicePtr",
        "repo": "arrayfire-haskell",
        "type": "github"
      }
    },
    "flake-utils": {
      "inputs": {
        "systems": "systems"
      },
      "locked": {
        "lastModified": 1710146030,
        "narHash": "sha256-SZ5L6eA7HJ/nmkzGG7/ISclqe6oZdOZTNoesiInkXPQ=",
        "owner": "numtide",
        "repo": "flake-utils",
        "rev": "b1d9ab70662946ef0850d488da1c9019f3a9752a",
        "type": "github"
      },
      "original": {
        "owner": "numtide",
        "repo": "flake-utils",
        "type": "github"
      }
    },
    "flake-utils_2": {
      "inputs": {
        "systems": "systems_2"
      },
      "locked": {
        "lastModified": 1694529238,
        "narHash": "sha256-zsNZZGTGnMOf9YpHKJqMSsa0dXbfmxeoJ7xHlrt+xmY=",
        "owner": "numtide",
        "repo": "flake-utils",
        "rev": "ff7b65b44d01cf9ba6a71320833626af21126384",
        "type": "github"
      },
      "original": {
        "owner": "numtide",
        "repo": "flake-utils",
        "type": "github"
      }
    },
    "halide-haskell": {
      "inputs": {
        "arrayfire-haskell": "arrayfire-haskell",
        "flake-utils": [
          "lattice-symmetries",
          "flake-utils"
        ],
        "nixpkgs": [
          "lattice-symmetries",
          "nixpkgs"
        ]
      },
      "locked": {
        "lastModified": 1710761519,
        "narHash": "sha256-URrtlqKO8VG2GicCQj66VL1VCKZnEvbQH/O/GeOW3qQ=",
        "owner": "twesterhout",
        "repo": "halide-haskell",
        "rev": "ffd725d51349122034577a4e69dc6ee28a5c7ef2",
        "type": "github"
      },
      "original": {
        "owner": "twesterhout",
        "ref": "dynamic-dimensions",
        "repo": "halide-haskell",
        "type": "github"
      }
    },
    "haskell-python-tools": {
      "inputs": {
        "nixpkgs": [
          "ising-glass-annealer",
          "nixpkgs"
        ]
      },
      "locked": {
        "lastModified": 1695315460,
        "narHash": "sha256-IkYjao43m45S3z9CPnUpYB3WESa7czMhDut0RehGLgw=",
        "owner": "twesterhout",
        "repo": "haskell-python-tools.nix",
        "rev": "9bc45133b9e73aed42d1a03ab12f5c60386b6063",
        "type": "github"
      },
      "original": {
        "owner": "twesterhout",
        "repo": "haskell-python-tools.nix",
        "type": "github"
      }
    },
    "haskell-python-tools_2": {
      "inputs": {
        "nixpkgs": [
          "lattice-symmetries",
          "nixpkgs"
        ]
      },
      "locked": {
        "lastModified": 1710777918,
        "narHash": "sha256-q/vauks9OIUIcihZCOy4L7ZxowG9UAKzdBbyutblMqA=",
        "owner": "twesterhout",
        "repo": "haskell-python-tools.nix",
        "rev": "38f57a10cfdd7d675a205c694ecec42cedb2cce6",
        "type": "github"
      },
      "original": {
        "owner": "twesterhout",
        "repo": "haskell-python-tools.nix",
        "type": "github"
      }
    },
    "ising-glass-annealer": {
      "inputs": {
        "flake-utils": [
          "lattice-symmetries",
          "flake-utils"
        ],
        "haskell-python-tools": "haskell-python-tools",
        "nixpkgs": [
          "nixpkgs"
        ]
      },
      "locked": {
        "lastModified": 1695315586,
        "narHash": "sha256-lBsYh9S6kGquQilWOI8B0EJIUNUQ6snNx24c/2NZioY=",
        "owner": "twesterhout",
        "repo": "ising-glass-annealer",
        "rev": "61a452941d92e39a923f6151b21b098fcf289a3a",
        "type": "github"
      },
      "original": {
        "owner": "twesterhout",
        "repo": "ising-glass-annealer",
        "type": "github"
      }
    },
    "lattice-symmetries": {
      "inputs": {
        "flake-utils": "flake-utils",
        "halide-haskell": "halide-haskell",
        "haskell-python-tools": "haskell-python-tools_2",
        "nix-chapel": "nix-chapel",
        "nixpkgs": "nixpkgs"
      },
      "locked": {
        "lastModified": 1711559871,
        "narHash": "sha256-3x/F3WcM2n5o/UO7ltv7ZPzTlhDCAazCDJ5BiXIGUtY=",
        "owner": "twesterhout",
        "repo": "lattice-symmetries",
        "rev": "baa15f3f820522d1e320e15ae6e6ff99c97d772c",
        "type": "github"
      },
      "original": {
        "owner": "twesterhout",
        "ref": "wip",
        "repo": "lattice-symmetries",
        "type": "github"
      }
    },
    "nix-chapel": {
      "inputs": {
        "flake-utils": [
          "lattice-symmetries",
          "flake-utils"
        ],
        "nixpkgs": [
          "lattice-symmetries",
          "nixpkgs"
        ]
      },
      "locked": {
        "lastModified": 1710859535,
        "narHash": "sha256-W2b1V7sDS1x8RJQFRYVBkPW6xrtM0iaXANto1+FeG0g=",
        "owner": "twesterhout",
        "repo": "nix-chapel",
        "rev": "3b9a31f13c594bb3bf7c1053cdd2547d07f7399a",
        "type": "github"
      },
      "original": {
        "owner": "twesterhout",
        "repo": "nix-chapel",
        "type": "github"
      }
    },
    "nix-filter": {
      "locked": {
        "lastModified": 1701697642,
        "narHash": "sha256-L217WytWZHSY8GW9Gx1A64OnNctbuDbfslaTEofXXRw=",
        "owner": "numtide",
        "repo": "nix-filter",
        "rev": "c843418ecfd0344ecb85844b082ff5675e02c443",
        "type": "github"
      },
      "original": {
        "owner": "numtide",
        "repo": "nix-filter",
        "type": "github"
      }
    },
    "nix-on-the-cluster": {
      "inputs": {
        "flake-utils": "flake-utils_2",
        "nixpkgs": "nixpkgs_2"
      },
      "locked": {
        "lastModified": 1707320277,
        "narHash": "sha256-CTsdzigVw12DX1m7Cp0tj8cTluBtTuaNNr6XnCfxAn0=",
        "owner": "twesterhout",
        "repo": "nix-on-the-cluster",
        "rev": "d7db5fc9f7c6070e4eee32c6d9c3a1b671cc2b85",
        "type": "github"
      },
      "original": {
        "owner": "twesterhout",
        "repo": "nix-on-the-cluster",
        "type": "github"
      }
    },
    "nixpkgs": {
      "locked": {
        "lastModified": 1711401922,
        "narHash": "sha256-QoQqXoj8ClGo0sqD/qWKFWezgEwUL0SUh37/vY2jNhc=",
        "owner": "nixos",
        "repo": "nixpkgs",
        "rev": "07262b18b97000d16a4bdb003418bd2fb067a932",
        "type": "github"
      },
      "original": {
        "owner": "nixos",
        "ref": "nixpkgs-unstable",
        "repo": "nixpkgs",
        "type": "github"
      }
    },
    "nixpkgs_2": {
      "locked": {
        "lastModified": 1701358638,
        "narHash": "sha256-EsLcPm1qGZNc/GoDEut4J9M4dr5g2NGx66h/nvZtg9E=",
        "owner": "nixos",
        "repo": "nixpkgs",
        "rev": "8a02d8732482466954b789128aaa061aab118a26",
        "type": "github"
      },
      "original": {
        "owner": "nixos",
        "repo": "nixpkgs",
        "type": "github"
      }
    },
    "nixpkgs_3": {
      "locked": {
        "lastModified": 1711715736,
        "narHash": "sha256-9slQ609YqT9bT/MNX9+5k5jltL9zgpn36DpFB7TkttM=",
        "owner": "nixos",
        "repo": "nixpkgs",
        "rev": "807c549feabce7eddbf259dbdcec9e0600a0660d",
        "type": "github"
      },
      "original": {
        "owner": "nixos",
        "ref": "nixpkgs-unstable",
        "repo": "nixpkgs",
        "type": "github"
      }
    },
    "root": {
      "inputs": {
        "flake-utils": [
          "lattice-symmetries",
          "flake-utils"
        ],
        "ising-glass-annealer": "ising-glass-annealer",
        "lattice-symmetries": "lattice-symmetries",
        "nix-on-the-cluster": "nix-on-the-cluster",
        "nixpkgs": "nixpkgs_3"
      }
    },
    "systems": {
      "locked": {
        "lastModified": 1681028828,
        "narHash": "sha256-Vy1rq5AaRuLzOxct8nz4T6wlgyUR7zLU309k9mBC768=",
        "owner": "nix-systems",
        "repo": "default",
        "rev": "da67096a3b9bf56a91d16901293e51ba5b49a27e",
        "type": "github"
      },
      "original": {
        "owner": "nix-systems",
        "repo": "default",
        "type": "github"
      }
    },
    "systems_2": {
      "locked": {
        "lastModified": 1681028828,
        "narHash": "sha256-Vy1rq5AaRuLzOxct8nz4T6wlgyUR7zLU309k9mBC768=",
        "owner": "nix-systems",
        "repo": "default",
        "rev": "da67096a3b9bf56a91d16901293e51ba5b49a27e",
        "type": "github"
      },
      "original": {
        "owner": "nix-systems",
        "repo": "default",
        "type": "github"
      }
    }
  },
  "root": "root",
  "version": 7
}
